
Microsoft Visual Studio Solution File, Format Version 12.00
# Visual Studio Version 16
VisualStudioVersion = 16.0.31424.327
MinimumVisualStudioVersion = 10.0.40219.1
Project("{9A19103F-16F7-4668-BE54-9A1E7A4F7556}") = "DockerAgenda", "src\DockerAgenda\DockerAgenda.csproj", "{3E050CA1-F7A3-4044-BEBA-B07BB0085308}"
EndProject
Project("{E53339B2-1760-4266-BCC7-CA923CBCF16C}") = "docker-compose", "docker-compose.dcproj", "{FF4AA498-5919-4050-8563-81566CFCB6D6}"
EndProject
Global
	GlobalSection(SolutionConfigurationPlatforms) = preSolution
		Debug|Any CPU = Debug|Any CPU
		Release|Any CPU = Release|Any CPU
	EndGlobalSection
	GlobalSection(ProjectConfigurationPlatforms) = postSolution
		{3E050CA1-F7A3-4044-BEBA-B07BB0085308}.Debug|Any CPU.ActiveCfg = Debug|Any CPU
		{3E050CA1-F7A3-4044-BEBA-B07BB0085308}.Debug|Any CPU.Build.0 = Debug|Any CPU
		{3E050CA1-F7A3-4044-BEBA-B07BB0085308}.Release|Any CPU.ActiveCfg = Release|Any CPU
		{3E050CA1-F7A3-4044-BEBA-B07BB0085308}.Release|Any CPU.Build.0 = Release|Any CPU
		{FF4AA498-5919-4050-8563-81566CFCB6D6}.Debug|Any CPU.ActiveCfg = Debug|Any CPU
		{FF4AA498-5919-4050-8563-81566CFCB6D6}.Debug|Any CPU.Build.0 = Debug|Any CPU
		{FF4AA498-5919-4050-8563-81566CFCB6D6}.Release|Any CPU.ActiveCfg = Release|Any CPU
		{FF4AA498-5919-4050-8563-81566CFCB6D6}.Release|Any CPU.Build.0 = Release|Any CPU
	EndGlobalSection
	GlobalSection(SolutionProperties) = preSolution
		HideSolutionNode = FALSE
	EndGlobalSection
	GlobalSection(ExtensibilityGlobals) = postSolution
		SolutionGuid = {705B3DA3-E7B4-4B4C-ADD4-E223705CB7E7}
	EndGlobalSection
EndGlobal
